{
  "object": {
    "pins": [
      {
        "package": "CDBus",
        "repositoryURL": "https://github.com/TaborKelly/CDBus.git",
        "state": {
          "branch": "master",
          "revision": "9e51448e5b903438fcd6b6e1b10c438239f0f31f",
          "version": null
        }
      }
    ]
  },
  "version": 1
}
